{
  "name": "node",
  "version": "1.0.0",
  "lockfileVersion": 3,
  "requires": true,
  "packages": {
    "": {
      "name": "node",
      "version": "1.0.0",
      "license": "ISC",
      "devDependencies": {
        "eslint-plugin-pattern-rules": "^0.1.0"
      }
    },
    "node_modules/eslint-plugin-pattern-rules": {
      "version": "0.1.0",
      "resolved": "https://registry.npmjs.org/eslint-plugin-pattern-rules/-/eslint-plugin-pattern-rules-0.1.0.tgz",
      "integrity": "sha512-X5+bIIFrnX+91fPsKaSJa0wdKeZsEYg+UuBu4qx3a0lto0M/gCOBLY8i/CUBjOwL9DzQfCJ3mCUNeW8iivRMpg==",
      "dev": true
    }
  }
}
